
Microsoft Visual Studio Solution File, Format Version 12.00
# Visual Studio Version 16
VisualStudioVersion = 16.0.31624.102
MinimumVisualStudioVersion = 10.0.40219.1
Project("{FAE04EC0-301F-11D3-BF4B-00C04F79EFBC}") = "Shogi1.Domain", "Shogi1.Domain\Shogi1.Domain.csproj", "{3AA260A0-2766-43C3-B1E9-DBCEE423DD21}"
EndProject
Global
	GlobalSection(SolutionConfigurationPlatforms) = preSolution
		Debug|Any CPU = Debug|Any CPU
		Release|Any CPU = Release|Any CPU
	EndGlobalSection
	GlobalSection(ProjectConfigurationPlatforms) = postSolution
		{3AA260A0-2766-43C3-B1E9-DBCEE423DD21}.Debug|Any CPU.ActiveCfg = Debug|Any CPU
		{3AA260A0-2766-43C3-B1E9-DBCEE423DD21}.Debug|Any CPU.Build.0 = Debug|Any CPU
		{3AA260A0-2766-43C3-B1E9-DBCEE423DD21}.Release|Any CPU.ActiveCfg = Release|Any CPU
		{3AA260A0-2766-43C3-B1E9-DBCEE423DD21}.Release|Any CPU.Build.0 = Release|Any CPU
	EndGlobalSection
	GlobalSection(SolutionProperties) = preSolution
		HideSolutionNode = FALSE
	EndGlobalSection
	GlobalSection(ExtensibilityGlobals) = postSolution
		SolutionGuid = {5343A380-FD0F-4F74-B373-C11C21A6796E}
	EndGlobalSection
EndGlobal
