
Microsoft Visual Studio Solution File, Format Version 12.00
# Visual Studio Version 16
VisualStudioVersion = 16.0.31624.102
MinimumVisualStudioVersion = 10.0.40219.1
Project("{9A19103F-16F7-4668-BE54-9A1E7A4F7556}") = "Shogi1.Application", "Shogi1.Application\Shogi1.Application.csproj", "{C2CF1FFE-7802-474A-A7E7-AF0FD623D45A}"
EndProject
Project("{9A19103F-16F7-4668-BE54-9A1E7A4F7556}") = "Shogi1.Domain", "Shogi1.Domain\Shogi1.Domain.csproj", "{4F840603-0225-40CD-95BD-0D27666CBDC6}"
EndProject
Project("{9A19103F-16F7-4668-BE54-9A1E7A4F7556}") = "Shogi1.Presentation.ConsoleApp", "Shogi1.Presentation.ConsoleApp\Shogi1.Presentation.ConsoleApp.csproj", "{35E2C57B-ABE8-4702-A3F6-206A31042A1D}"
EndProject
Project("{9A19103F-16F7-4668-BE54-9A1E7A4F7556}") = "Shogi1.Presentation.WPF", "Shogi1.Presentation.WPF\Shogi1.Presentation.WPF.csproj", "{057A862A-6D13-4D68-9765-C37249DDA4B4}"
EndProject
Project("{FAE04EC0-301F-11D3-BF4B-00C04F79EFBC}") = "Shogi1.Infrastructure", "Shogi1.Infrastructure\Shogi1.Infrastructure.csproj", "{FDD01386-5C38-493F-A723-57D3FB0DBEC8}"
EndProject
Global
	GlobalSection(SolutionConfigurationPlatforms) = preSolution
		Debug|Any CPU = Debug|Any CPU
		Release|Any CPU = Release|Any CPU
	EndGlobalSection
	GlobalSection(ProjectConfigurationPlatforms) = postSolution
		{C2CF1FFE-7802-474A-A7E7-AF0FD623D45A}.Debug|Any CPU.ActiveCfg = Debug|Any CPU
		{C2CF1FFE-7802-474A-A7E7-AF0FD623D45A}.Debug|Any CPU.Build.0 = Debug|Any CPU
		{C2CF1FFE-7802-474A-A7E7-AF0FD623D45A}.Release|Any CPU.ActiveCfg = Release|Any CPU
		{C2CF1FFE-7802-474A-A7E7-AF0FD623D45A}.Release|Any CPU.Build.0 = Release|Any CPU
		{4F840603-0225-40CD-95BD-0D27666CBDC6}.Debug|Any CPU.ActiveCfg = Debug|Any CPU
		{4F840603-0225-40CD-95BD-0D27666CBDC6}.Debug|Any CPU.Build.0 = Debug|Any CPU
		{4F840603-0225-40CD-95BD-0D27666CBDC6}.Release|Any CPU.ActiveCfg = Release|Any CPU
		{4F840603-0225-40CD-95BD-0D27666CBDC6}.Release|Any CPU.Build.0 = Release|Any CPU
		{35E2C57B-ABE8-4702-A3F6-206A31042A1D}.Debug|Any CPU.ActiveCfg = Debug|Any CPU
		{35E2C57B-ABE8-4702-A3F6-206A31042A1D}.Debug|Any CPU.Build.0 = Debug|Any CPU
		{35E2C57B-ABE8-4702-A3F6-206A31042A1D}.Release|Any CPU.ActiveCfg = Release|Any CPU
		{35E2C57B-ABE8-4702-A3F6-206A31042A1D}.Release|Any CPU.Build.0 = Release|Any CPU
		{057A862A-6D13-4D68-9765-C37249DDA4B4}.Debug|Any CPU.ActiveCfg = Debug|Any CPU
		{057A862A-6D13-4D68-9765-C37249DDA4B4}.Debug|Any CPU.Build.0 = Debug|Any CPU
		{057A862A-6D13-4D68-9765-C37249DDA4B4}.Release|Any CPU.ActiveCfg = Release|Any CPU
		{057A862A-6D13-4D68-9765-C37249DDA4B4}.Release|Any CPU.Build.0 = Release|Any CPU
		{FDD01386-5C38-493F-A723-57D3FB0DBEC8}.Debug|Any CPU.ActiveCfg = Debug|Any CPU
		{FDD01386-5C38-493F-A723-57D3FB0DBEC8}.Debug|Any CPU.Build.0 = Debug|Any CPU
		{FDD01386-5C38-493F-A723-57D3FB0DBEC8}.Release|Any CPU.ActiveCfg = Release|Any CPU
		{FDD01386-5C38-493F-A723-57D3FB0DBEC8}.Release|Any CPU.Build.0 = Release|Any CPU
	EndGlobalSection
	GlobalSection(SolutionProperties) = preSolution
		HideSolutionNode = FALSE
	EndGlobalSection
	GlobalSection(ExtensibilityGlobals) = postSolution
		SolutionGuid = {5343A380-FD0F-4F74-B373-C11C21A6796E}
	EndGlobalSection
EndGlobal
