
Microsoft Visual Studio Solution File, Format Version 12.00
# Visual Studio Version 16
VisualStudioVersion = 16.0.31624.102
MinimumVisualStudioVersion = 10.0.40219.1
Project("{9A19103F-16F7-4668-BE54-9A1E7A4F7556}") = "Shogi1.Domain", "Shogi1.Domain\Shogi1.Domain.csproj", "{3AA260A0-2766-43C3-B1E9-DBCEE423DD21}"
EndProject
Project("{FAE04EC0-301F-11D3-BF4B-00C04F79EFBC}") = "Shogi1.Application", "Shogi1.Application\Shogi1.Application.csproj", "{9CD279ED-2402-46CB-A96F-833345C74D5D}"
EndProject
Project("{FAE04EC0-301F-11D3-BF4B-00C04F79EFBC}") = "Shogi1.Presentation.ConsolApp", "Shogi1.Presentation.ConsolApp\Shogi1.Presentation.ConsolApp.csproj", "{BF82D704-83F8-45B5-AF18-23AF2637D499}"
EndProject
Global
	GlobalSection(SolutionConfigurationPlatforms) = preSolution
		Debug|Any CPU = Debug|Any CPU
		Release|Any CPU = Release|Any CPU
	EndGlobalSection
	GlobalSection(ProjectConfigurationPlatforms) = postSolution
		{3AA260A0-2766-43C3-B1E9-DBCEE423DD21}.Debug|Any CPU.ActiveCfg = Debug|Any CPU
		{3AA260A0-2766-43C3-B1E9-DBCEE423DD21}.Debug|Any CPU.Build.0 = Debug|Any CPU
		{3AA260A0-2766-43C3-B1E9-DBCEE423DD21}.Release|Any CPU.ActiveCfg = Release|Any CPU
		{3AA260A0-2766-43C3-B1E9-DBCEE423DD21}.Release|Any CPU.Build.0 = Release|Any CPU
		{9CD279ED-2402-46CB-A96F-833345C74D5D}.Debug|Any CPU.ActiveCfg = Debug|Any CPU
		{9CD279ED-2402-46CB-A96F-833345C74D5D}.Debug|Any CPU.Build.0 = Debug|Any CPU
		{9CD279ED-2402-46CB-A96F-833345C74D5D}.Release|Any CPU.ActiveCfg = Release|Any CPU
		{9CD279ED-2402-46CB-A96F-833345C74D5D}.Release|Any CPU.Build.0 = Release|Any CPU
		{BF82D704-83F8-45B5-AF18-23AF2637D499}.Debug|Any CPU.ActiveCfg = Debug|Any CPU
		{BF82D704-83F8-45B5-AF18-23AF2637D499}.Debug|Any CPU.Build.0 = Debug|Any CPU
		{BF82D704-83F8-45B5-AF18-23AF2637D499}.Release|Any CPU.ActiveCfg = Release|Any CPU
		{BF82D704-83F8-45B5-AF18-23AF2637D499}.Release|Any CPU.Build.0 = Release|Any CPU
	EndGlobalSection
	GlobalSection(SolutionProperties) = preSolution
		HideSolutionNode = FALSE
	EndGlobalSection
	GlobalSection(ExtensibilityGlobals) = postSolution
		SolutionGuid = {5343A380-FD0F-4F74-B373-C11C21A6796E}
	EndGlobalSection
EndGlobal
